
Microsoft Visual Studio Solution File, Format Version 12.00
# Visual Studio 15
VisualStudioVersion = 15.0.27703.2026
MinimumVisualStudioVersion = 10.0.40219.1
Project("{FAE04EC0-301F-11D3-BF4B-00C04F79EFBC}") = "RPEx", "RPEx\RPEx.csproj", "{AC428749-4239-432B-AFF8-5A6ECA3C9B56}"
EndProject
Global
	GlobalSection(SolutionConfigurationPlatforms) = preSolution
		Debug|Any CPU = Debug|Any CPU
		Release|Any CPU = Release|Any CPU
	EndGlobalSection
	GlobalSection(ProjectConfigurationPlatforms) = postSolution
		{AC428749-4239-432B-AFF8-5A6ECA3C9B56}.Debug|Any CPU.ActiveCfg = Debug|Any CPU
		{AC428749-4239-432B-AFF8-5A6ECA3C9B56}.Debug|Any CPU.Build.0 = Debug|Any CPU
		{AC428749-4239-432B-AFF8-5A6ECA3C9B56}.Release|Any CPU.ActiveCfg = Release|Any CPU
		{AC428749-4239-432B-AFF8-5A6ECA3C9B56}.Release|Any CPU.Build.0 = Release|Any CPU
	EndGlobalSection
	GlobalSection(SolutionProperties) = preSolution
		HideSolutionNode = FALSE
	EndGlobalSection
	GlobalSection(ExtensibilityGlobals) = postSolution
		SolutionGuid = {89FA9204-ADEA-4563-A57B-6D8765CF1B82}
	EndGlobalSection
EndGlobal
